
Microsoft Visual Studio Solution File, Format Version 12.00
# Visual Studio Version 17
VisualStudioVersion = 17.0.31903.59
MinimumVisualStudioVersion = 10.0.40219.1
Project("{FAE04EC0-301F-11D3-BF4B-00C04F79EFBC}") = "PROGRAMADOR_DE_SISTEMAS", "..\..\..\Downloads\Victor\Workspace\Nova pasta\PROGRAMADOR_DE_SISTEMAS\PROGRAMADOR_DE_SISTEMAS.csproj", "{6DBDC3E9-9D84-4DDA-922E-343B4A7F78C1}"
EndProject
Global
	GlobalSection(SolutionConfigurationPlatforms) = preSolution
		Debug|Any CPU = Debug|Any CPU
		Release|Any CPU = Release|Any CPU
	EndGlobalSection
	GlobalSection(SolutionProperties) = preSolution
		HideSolutionNode = FALSE
	EndGlobalSection
	GlobalSection(ProjectConfigurationPlatforms) = postSolution
		{6DBDC3E9-9D84-4DDA-922E-343B4A7F78C1}.Debug|Any CPU.ActiveCfg = Debug|Any CPU
		{6DBDC3E9-9D84-4DDA-922E-343B4A7F78C1}.Debug|Any CPU.Build.0 = Debug|Any CPU
		{6DBDC3E9-9D84-4DDA-922E-343B4A7F78C1}.Release|Any CPU.ActiveCfg = Release|Any CPU
		{6DBDC3E9-9D84-4DDA-922E-343B4A7F78C1}.Release|Any CPU.Build.0 = Release|Any CPU
	EndGlobalSection
EndGlobal
